
Microsoft Visual Studio Solution File, Format Version 12.00
# Visual Studio Version 17
VisualStudioVersion = 17.9.34728.123
MinimumVisualStudioVersion = 10.0.40219.1
Project("{FAE04EC0-301F-11D3-BF4B-00C04F79EFBC}") = "TestTaskDinamika.Wpf", "TestTaskDinamika.Wpf\TestTaskDinamika.Wpf.csproj", "{026683BE-F813-4EE9-A766-14D950BACF8F}"
EndProject
Global
	GlobalSection(SolutionConfigurationPlatforms) = preSolution
		Debug|Any CPU = Debug|Any CPU
		Release|Any CPU = Release|Any CPU
	EndGlobalSection
	GlobalSection(ProjectConfigurationPlatforms) = postSolution
		{026683BE-F813-4EE9-A766-14D950BACF8F}.Debug|Any CPU.ActiveCfg = Debug|Any CPU
		{026683BE-F813-4EE9-A766-14D950BACF8F}.Debug|Any CPU.Build.0 = Debug|Any CPU
		{026683BE-F813-4EE9-A766-14D950BACF8F}.Release|Any CPU.ActiveCfg = Release|Any CPU
		{026683BE-F813-4EE9-A766-14D950BACF8F}.Release|Any CPU.Build.0 = Release|Any CPU
	EndGlobalSection
	GlobalSection(SolutionProperties) = preSolution
		HideSolutionNode = FALSE
	EndGlobalSection
	GlobalSection(ExtensibilityGlobals) = postSolution
		SolutionGuid = {613CDF9A-C3B7-434E-9640-1168C644305F}
	EndGlobalSection
EndGlobal
